
Microsoft Visual Studio Solution File, Format Version 12.00
# Visual Studio Version 17
VisualStudioVersion = 17.5.33530.505
MinimumVisualStudioVersion = 10.0.40219.1
Project("{FAE04EC0-301F-11D3-BF4B-00C04F79EFBC}") = "TvpProjekat2", "TvpProjekat2\TvpProjekat2.csproj", "{6F612877-6103-4B2B-95C3-EC4811660356}"
EndProject
Global
	GlobalSection(SolutionConfigurationPlatforms) = preSolution
		Debug|Any CPU = Debug|Any CPU
		Release|Any CPU = Release|Any CPU
	EndGlobalSection
	GlobalSection(ProjectConfigurationPlatforms) = postSolution
		{6F612877-6103-4B2B-95C3-EC4811660356}.Debug|Any CPU.ActiveCfg = Debug|Any CPU
		{6F612877-6103-4B2B-95C3-EC4811660356}.Debug|Any CPU.Build.0 = Debug|Any CPU
		{6F612877-6103-4B2B-95C3-EC4811660356}.Release|Any CPU.ActiveCfg = Release|Any CPU
		{6F612877-6103-4B2B-95C3-EC4811660356}.Release|Any CPU.Build.0 = Release|Any CPU
	EndGlobalSection
	GlobalSection(SolutionProperties) = preSolution
		HideSolutionNode = FALSE
	EndGlobalSection
	GlobalSection(ExtensibilityGlobals) = postSolution
		SolutionGuid = {D9F48098-5EE0-40A9-B42B-B04DBD6A0D72}
	EndGlobalSection
EndGlobal
